Microsoft Visual Studio Solution File, Format Version 12.00
# Visual Studio Version 17
VisualStudioVersion = 17.5.2.0
MinimumVisualStudioVersion = 10.0.40219.1
Project("{2150E333-8FDC-42A3-9474-1A3956D46DE8}") = "NBG.MerchantInsights.Api", "NBG.MerchantInsights.Api", "{8ABCD38E-81C1-517D-2B01-55DBA6820E05}"
EndProject
Project("{FAE04EC0-301F-11D3-BF4B-00C04F79EFBC}") = "NBG.MerchantInsights.Api", "NBG.MerchantInsights.Api\NBG.MerchantInsights.Api\NBG.MerchantInsights.Api.csproj", "{CE179045-687F-3166-3F40-50CFE9618AC1}"
EndProject
Global
	GlobalSection(SolutionConfigurationPlatforms) = preSolution
		Debug|Any CPU = Debug|Any CPU
		Release|Any CPU = Release|Any CPU
	EndGlobalSection
	GlobalSection(ProjectConfigurationPlatforms) = postSolution
		{CE179045-687F-3166-3F40-50CFE9618AC1}.Debug|Any CPU.ActiveCfg = Debug|Any CPU
		{CE179045-687F-3166-3F40-50CFE9618AC1}.Debug|Any CPU.Build.0 = Debug|Any CPU
		{CE179045-687F-3166-3F40-50CFE9618AC1}.Release|Any CPU.ActiveCfg = Release|Any CPU
		{CE179045-687F-3166-3F40-50CFE9618AC1}.Release|Any CPU.Build.0 = Release|Any CPU
	EndGlobalSection
	GlobalSection(SolutionProperties) = preSolution
		HideSolutionNode = FALSE
	EndGlobalSection
	GlobalSection(NestedProjects) = preSolution
		{CE179045-687F-3166-3F40-50CFE9618AC1} = {8ABCD38E-81C1-517D-2B01-55DBA6820E05}
	EndGlobalSection
	GlobalSection(ExtensibilityGlobals) = postSolution
		SolutionGuid = {5E91AB73-64B1-437A-B4BA-C1BE9E4B3E2B}
	EndGlobalSection
EndGlobal
